
Microsoft Visual Studio Solution File, Format Version 12.00
# Visual Studio Version 17
VisualStudioVersion = 17.0.31919.166
MinimumVisualStudioVersion = 10.0.40219.1
Project("{9A19103F-16F7-4668-BE54-9A1E7A4F7556}") = "ImageGallery.Client", "ImageGallery.Client\ImageGallery.Client.csproj", "{6099AF9E-B3E3-4676-A858-D59935D5330F}"
EndProject
Project("{9A19103F-16F7-4668-BE54-9A1E7A4F7556}") = "ImageGallery.API", "ImageGallery.API\ImageGallery.API.csproj", "{1749394D-2017-4D16-ADD7-B49AEFD44F7A}"
EndProject
Project("{9A19103F-16F7-4668-BE54-9A1E7A4F7556}") = "ImageGallery.Model", "ImageGallery.Model\ImageGallery.Model.csproj", "{6801DFE6-631B-427F-8DA4-DEB196D93AB3}"
EndProject
Project("{9A19103F-16F7-4668-BE54-9A1E7A4F7556}") = "Marvin.IDP", "Marvin.IDP\Marvin.IDP.csproj", "{EDA434DF-4ABD-44DA-8414-502E9A1261C3}"
EndProject
Project("{9A19103F-16F7-4668-BE54-9A1E7A4F7556}") = "ImageGallery.Authorization", "ImageGallery.Authorization\ImageGallery.Authorization.csproj", "{2DA5F029-5FAA-469C-8C1F-873B04296E65}"
EndProject
Project("{E53339B2-1760-4266-BCC7-CA923CBCF16C}") = "docker-compose", "docker-compose.dcproj", "{D5A4A5B9-5137-4EE3-94E4-62E94767F43D}"
EndProject
Project("{2150E333-8FDC-42A3-9474-1A3956D46DE8}") = "k8s", "k8s", "{75D1130A-C3D2-4756-BFFB-B2DE4CB31519}"
	ProjectSection(SolutionItems) = preProject
		k8s\imagegallery-api.yml = k8s\imagegallery-api.yml
		k8s\imagegallery-client.yml = k8s\imagegallery-client.yml
		k8s\imagegallery-idp.yml = k8s\imagegallery-idp.yml
		k8s\imagegallery-ingress.yml = k8s\imagegallery-ingress.yml
		k8s\kd-ingress.yml = k8s\kd-ingress.yml
		k8s\Makefile = k8s\Makefile
		k8s\seq.yml = k8s\seq.yml
		k8s\zipkin.yml = k8s\zipkin.yml
	EndProjectSection
EndProject
Project("{2150E333-8FDC-42A3-9474-1A3956D46DE8}") = "mssql", "mssql", "{AB63C436-FC19-411B-B59F-292F927B5F4D}"
	ProjectSection(SolutionItems) = preProject
		mssql\Dockerfile = mssql\Dockerfile
		mssql\entrypoint.sh = mssql\entrypoint.sh
		mssql\InitializeGlobomanticsDb.sql = mssql\InitializeGlobomanticsDb.sql
		mssql\setup.sh = mssql\setup.sh
		mssql\wait-for-it.sh = mssql\wait-for-it.sh
	EndProjectSection
EndProject
Project("{2150E333-8FDC-42A3-9474-1A3956D46DE8}") = "https", "https", "{C6F6D5BD-677E-4AE5-94BB-260CB6964C56}"
	ProjectSection(SolutionItems) = preProject
		https\api-imagegallery.conf = https\api-imagegallery.conf
		https\api-imagegallery.crt = https\api-imagegallery.crt
		https\api-imagegallery.key = https\api-imagegallery.key
		https\api-imagegallery.pfx = https\api-imagegallery.pfx
		https\client-imagegallery.conf = https\client-imagegallery.conf
		https\client-imagegallery.crt = https\client-imagegallery.crt
		https\client-imagegallery.key = https\client-imagegallery.key
		https\client-imagegallery.pfx = https\client-imagegallery.pfx
		https\idp-imagegallery.conf = https\idp-imagegallery.conf
		https\idp-imagegallery.crt = https\idp-imagegallery.crt
		https\idp-imagegallery.key = https\idp-imagegallery.key
		https\idp-imagegallery.pfx = https\idp-imagegallery.pfx
	EndProjectSection
EndProject
Project("{9A19103F-16F7-4668-BE54-9A1E7A4F7556}") = "DeviceClient", "DeviceClient\DeviceClient.csproj", "{09284838-04F1-4DD5-A4E9-65ECFF5997B4}"
EndProject
Project("{2150E333-8FDC-42A3-9474-1A3956D46DE8}") = "Dapr", "Dapr", "{A96FC416-C6CF-4EB1-B15F-AF44B4C993FD}"
	ProjectSection(SolutionItems) = preProject
		Dapr\config.yml = Dapr\config.yml
		Dapr\prometheus.yml = Dapr\prometheus.yml
	EndProjectSection
EndProject
Project("{2150E333-8FDC-42A3-9474-1A3956D46DE8}") = "components", "components", "{E9947EB2-37BA-438E-B27E-CAD83F48B695}"
	ProjectSection(SolutionItems) = preProject
		Dapr\components\configuration.yml = Dapr\components\configuration.yml
		Dapr\components\cron.yml = Dapr\components\cron.yml
		Dapr\components\email.yml = Dapr\components\email.yml
		Dapr\components\localSecretStore.yml = Dapr\components\localSecretStore.yml
		Dapr\components\pubsub.yaml = Dapr\components\pubsub.yaml
		Dapr\components\secrets.json = Dapr\components\secrets.json
		Dapr\components\stateStore.yml = Dapr\components\stateStore.yml
	EndProjectSection
EndProject
Global
	GlobalSection(SolutionConfigurationPlatforms) = preSolution
		Debug|Any CPU = Debug|Any CPU
		Release|Any CPU = Release|Any CPU
	EndGlobalSection
	GlobalSection(ProjectConfigurationPlatforms) = postSolution
		{6099AF9E-B3E3-4676-A858-D59935D5330F}.Debug|Any CPU.ActiveCfg = Debug|Any CPU
		{6099AF9E-B3E3-4676-A858-D59935D5330F}.Debug|Any CPU.Build.0 = Debug|Any CPU
		{6099AF9E-B3E3-4676-A858-D59935D5330F}.Release|Any CPU.ActiveCfg = Release|Any CPU
		{6099AF9E-B3E3-4676-A858-D59935D5330F}.Release|Any CPU.Build.0 = Release|Any CPU
		{1749394D-2017-4D16-ADD7-B49AEFD44F7A}.Debug|Any CPU.ActiveCfg = Debug|Any CPU
		{1749394D-2017-4D16-ADD7-B49AEFD44F7A}.Debug|Any CPU.Build.0 = Debug|Any CPU
		{1749394D-2017-4D16-ADD7-B49AEFD44F7A}.Release|Any CPU.ActiveCfg = Release|Any CPU
		{1749394D-2017-4D16-ADD7-B49AEFD44F7A}.Release|Any CPU.Build.0 = Release|Any CPU
		{6801DFE6-631B-427F-8DA4-DEB196D93AB3}.Debug|Any CPU.ActiveCfg = Debug|Any CPU
		{6801DFE6-631B-427F-8DA4-DEB196D93AB3}.Debug|Any CPU.Build.0 = Debug|Any CPU
		{6801DFE6-631B-427F-8DA4-DEB196D93AB3}.Release|Any CPU.ActiveCfg = Release|Any CPU
		{6801DFE6-631B-427F-8DA4-DEB196D93AB3}.Release|Any CPU.Build.0 = Release|Any CPU
		{EDA434DF-4ABD-44DA-8414-502E9A1261C3}.Debug|Any CPU.ActiveCfg = Debug|Any CPU
		{EDA434DF-4ABD-44DA-8414-502E9A1261C3}.Debug|Any CPU.Build.0 = Debug|Any CPU
		{EDA434DF-4ABD-44DA-8414-502E9A1261C3}.Release|Any CPU.ActiveCfg = Release|Any CPU
		{EDA434DF-4ABD-44DA-8414-502E9A1261C3}.Release|Any CPU.Build.0 = Release|Any CPU
		{2DA5F029-5FAA-469C-8C1F-873B04296E65}.Debug|Any CPU.ActiveCfg = Debug|Any CPU
		{2DA5F029-5FAA-469C-8C1F-873B04296E65}.Debug|Any CPU.Build.0 = Debug|Any CPU
		{2DA5F029-5FAA-469C-8C1F-873B04296E65}.Release|Any CPU.ActiveCfg = Release|Any CPU
		{2DA5F029-5FAA-469C-8C1F-873B04296E65}.Release|Any CPU.Build.0 = Release|Any CPU
		{D5A4A5B9-5137-4EE3-94E4-62E94767F43D}.Debug|Any CPU.ActiveCfg = Debug|Any CPU
		{D5A4A5B9-5137-4EE3-94E4-62E94767F43D}.Debug|Any CPU.Build.0 = Debug|Any CPU
		{D5A4A5B9-5137-4EE3-94E4-62E94767F43D}.Release|Any CPU.ActiveCfg = Release|Any CPU
		{D5A4A5B9-5137-4EE3-94E4-62E94767F43D}.Release|Any CPU.Build.0 = Release|Any CPU
		{09284838-04F1-4DD5-A4E9-65ECFF5997B4}.Debug|Any CPU.ActiveCfg = Debug|Any CPU
		{09284838-04F1-4DD5-A4E9-65ECFF5997B4}.Debug|Any CPU.Build.0 = Debug|Any CPU
		{09284838-04F1-4DD5-A4E9-65ECFF5997B4}.Release|Any CPU.ActiveCfg = Release|Any CPU
		{09284838-04F1-4DD5-A4E9-65ECFF5997B4}.Release|Any CPU.Build.0 = Release|Any CPU
	EndGlobalSection
	GlobalSection(SolutionProperties) = preSolution
		HideSolutionNode = FALSE
	EndGlobalSection
	GlobalSection(NestedProjects) = preSolution
		{E9947EB2-37BA-438E-B27E-CAD83F48B695} = {A96FC416-C6CF-4EB1-B15F-AF44B4C993FD}
	EndGlobalSection
	GlobalSection(ExtensibilityGlobals) = postSolution
		SolutionGuid = {AD37E4F7-E149-4FB1-A40B-76F5402A3061}
	EndGlobalSection
EndGlobal
